{
  "name": "cybersecurity",
  "version": "1.0.0",
  "lockfileVersion": 2,
  "requires": true,
  "packages": {
    "": {
      "version": "1.0.0",
      "license": "ISC",
      "dependencies": {
        "shower": "^2.7.1"
      }
    },
    "node_modules/@shower/material": {
      "version": "2.4.1",
      "resolved": "https://registry.npmjs.org/@shower/material/-/material-2.4.1.tgz",
      "integrity": "sha512-aoGLDLVFw9RAjE5LH9BG6IEIA5oet/3jvudUgr3VeloZ6tLI6PRGzmkKFoZC0wENgQrcUQYY060WtNZBUXm+Lg=="
    },
    "node_modules/@shower/ribbon": {
      "version": "3.4.1",
      "resolved": "https://registry.npmjs.org/@shower/ribbon/-/ribbon-3.4.1.tgz",
      "integrity": "sha512-EkkoBWeVcJ9gbvkDBj/oJ4hn2b+YL6AlEvRVHZgbm5NGIysDlmacoJOS0Q9jdudj+iKlVbGCkXqMbw+5seKUtA=="
    },
    "node_modules/shower": {
      "version": "2.7.1",
      "resolved": "https://registry.npmjs.org/shower/-/shower-2.7.1.tgz",
      "integrity": "sha512-x2V8grJYBCi6dpoJL+ahSKS5AOhXkDGQpLb8KnXKF4wvMTinzv731IPQ3md4Em+LZKjT8i7XCrWrNIXbIFuacw==",
      "dependencies": {
        "@shower/material": "^2.2.2",
        "@shower/ribbon": "^3.2.3",
        "shower-core": "^2.1.0"
      }
    },
    "node_modules/shower-core": {
      "version": "2.1.0",
      "resolved": "https://registry.npmjs.org/shower-core/-/shower-core-2.1.0.tgz",
      "integrity": "sha1-cyeuOoR6CwuWEvStTGSP82Oc5BY="
    }
  },
  "dependencies": {
    "@shower/material": {
      "version": "2.4.1",
      "resolved": "https://registry.npmjs.org/@shower/material/-/material-2.4.1.tgz",
      "integrity": "sha512-aoGLDLVFw9RAjE5LH9BG6IEIA5oet/3jvudUgr3VeloZ6tLI6PRGzmkKFoZC0wENgQrcUQYY060WtNZBUXm+Lg=="
    },
    "@shower/ribbon": {
      "version": "3.4.1",
      "resolved": "https://registry.npmjs.org/@shower/ribbon/-/ribbon-3.4.1.tgz",
      "integrity": "sha512-EkkoBWeVcJ9gbvkDBj/oJ4hn2b+YL6AlEvRVHZgbm5NGIysDlmacoJOS0Q9jdudj+iKlVbGCkXqMbw+5seKUtA=="
    },
    "shower": {
      "version": "2.7.1",
      "resolved": "https://registry.npmjs.org/shower/-/shower-2.7.1.tgz",
      "integrity": "sha512-x2V8grJYBCi6dpoJL+ahSKS5AOhXkDGQpLb8KnXKF4wvMTinzv731IPQ3md4Em+LZKjT8i7XCrWrNIXbIFuacw==",
      "requires": {
        "@shower/material": "^2.2.2",
        "@shower/ribbon": "^3.2.3",
        "shower-core": "^2.1.0"
      }
    },
    "shower-core": {
      "version": "2.1.0",
      "resolved": "https://registry.npmjs.org/shower-core/-/shower-core-2.1.0.tgz",
      "integrity": "sha1-cyeuOoR6CwuWEvStTGSP82Oc5BY="
    }
  }
}
